// !$*UTF8*$!
{
	archiveVersion = 1;
	classes = {
	};
	objectVersion = 46;
	objects = {

/* Begin PBXBuildFile section */
		9F1FE64B1E569F0700B50B66 /* AppDelegate.swift in Sources */ = {isa = PBXBuildFile; fileRef = 9F1FE64A1E569F0700B50B66 /* AppDelegate.swift */; };
		9F1FE64D1E569F0700B50B66 /* ViewController.swift in Sources */ = {isa = PBXBuildFile; fileRef = 9F1FE64C1E569F0700B50B66 /* ViewController.swift */; };
		9F1FE6501E569F0700B50B66 /* Main.storyboard in Resources */ = {isa = PBXBuildFile; fileRef = 9F1FE64E1E569F0700B50B66 /* Main.storyboard */; };
		9F1FE6521E569F0700B50B66 /* Assets.xcassets in Resources */ = {isa = PBXBuildFile; fileRef = 9F1FE6511E569F0700B50B66 /* Assets.xcassets */; };
		9F1FE6551E569F0700B50B66 /* LaunchScreen.storyboard in Resources */ = {isa = PBXBuildFile; fileRef = 9F1FE6531E569F0700B50B66 /* LaunchScreen.storyboard */; };
		9F1FE6601E569F0700B50B66 /* SwiftDemoTests.swift in Sources */ = {isa = PBXBuildFile; fileRef = 9F1FE65F1E569F0700B50B66 /* SwiftDemoTests.swift */; };
		9F1FE66B1E569F0700B50B66 /* SwiftDemoUITests.swift in Sources */ = {isa = PBXBuildFile; fileRef = 9F1FE66A1E569F0700B50B66 /* SwiftDemoUITests.swift */; };
/* End PBXBuildFile section */

/* Begin PBXContainerItemProxy section */
		9F1FE65C1E569F0700B50B66 /* PBXContainerItemProxy */ = {
			isa = PBXContainerItemProxy;
			containerPortal = 9F1FE63F1E569F0700B50B66 /* Project object */;
			proxyType = 1;
			remoteGlobalIDString = 9F1FE6461E569F0700B50B66;
			remoteInfo = SwiftDemo;
		};
		9F1FE6671E569F0700B50B66 /* PBXContainerItemProxy */ = {
			isa = PBXContainerItemProxy;
			containerPortal = 9F1FE63F1E569F0700B50B66 /* Project object */;
			proxyType = 1;
			remoteGlobalIDString = 9F1FE6461E569F0700B50B66;
			remoteInfo = SwiftDemo;
		};
/* End PBXContainerItemProxy section */

/* Begin PBXFileReference section */
		9F1A37241E5ACD960058AD96 /* Variables.playground */ = {isa = PBXFileReference; lastKnownFileType = file.playground; path = Variables.playground; sourceTree = "<group>"; };
		9F1A37251E5AD65E0058AD96 /* Types.playground */ = {isa = PBXFileReference; lastKnownFileType = file.playground; path = Types.playground; sourceTree = "<group>"; };
		9F1FE6471E569F0700B50B66 /* SwiftDemo.app */ = {isa = PBXFileReference; explicitFileType = wrapper.application; includeInIndex = 0; path = SwiftDemo.app; sourceTree = BUILT_PRODUCTS_DIR; };
		9F1FE64A1E569F0700B50B66 /* AppDelegate.swift */ = {isa = PBXFileReference; lastKnownFileType = sourcecode.swift; path = AppDelegate.swift; sourceTree = "<group>"; };
		9F1FE64C1E569F0700B50B66 /* ViewController.swift */ = {isa = PBXFileReference; lastKnownFileType = sourcecode.swift; path = ViewController.swift; sourceTree = "<group>"; };
		9F1FE64F1E569F0700B50B66 /* Base */ = {isa = PBXFileReference; lastKnownFileType = file.storyboard; name = Base; path = Base.lproj/Main.storyboard; sourceTree = "<group>"; };
		9F1FE6511E569F0700B50B66 /* Assets.xcassets */ = {isa = PBXFileReference; lastKnownFileType = folder.assetcatalog; path = Assets.xcassets; sourceTree = "<group>"; };
		9F1FE6541E569F0700B50B66 /* Base */ = {isa = PBXFileReference; lastKnownFileType = file.storyboard; name = Base; path = Base.lproj/LaunchScreen.storyboard; sourceTree = "<group>"; };
		9F1FE6561E569F0700B50B66 /* Info.plist */ = {isa = PBXFileReference; lastKnownFileType = text.plist.xml; path = Info.plist; sourceTree = "<group>"; };
		9F1FE65B1E569F0700B50B66 /* SwiftDemoTests.xctest */ = {isa = PBXFileReference; explicitFileType = wrapper.cfbundle; includeInIndex = 0; path = SwiftDemoTests.xctest; sourceTree = BUILT_PRODUCTS_DIR; };
		9F1FE65F1E569F0700B50B66 /* SwiftDemoTests.swift */ = {isa = PBXFileReference; lastKnownFileType = sourcecode.swift; path = SwiftDemoTests.swift; sourceTree = "<group>"; };
		9F1FE6611E569F0700B50B66 /* Info.plist */ = {isa = PBXFileReference; lastKnownFileType = text.plist.xml; path = Info.plist; sourceTree = "<group>"; };
		9F1FE6661E569F0700B50B66 /* SwiftDemoUITests.xctest */ = {isa = PBXFileReference; explicitFileType = wrapper.cfbundle; includeInIndex = 0; path = SwiftDemoUITests.xctest; sourceTree = BUILT_PRODUCTS_DIR; };
		9F1FE66A1E569F0700B50B66 /* SwiftDemoUITests.swift */ = {isa = PBXFileReference; lastKnownFileType = sourcecode.swift; path = SwiftDemoUITests.swift; sourceTree = "<group>"; };
		9F1FE66C1E569F0700B50B66 /* Info.plist */ = {isa = PBXFileReference; lastKnownFileType = text.plist.xml; path = Info.plist; sourceTree = "<group>"; };
		9F32C98A1E5A89F9006524D1 /* Basic.playground */ = {isa = PBXFileReference; lastKnownFileType = file.playground; path = Basic.playground; sourceTree = "<group>"; };
		9F32C98B1E5A91A2006524D1 /* NamingAndIdentifiers.playground */ = {isa = PBXFileReference; lastKnownFileType = file.playground; path = NamingAndIdentifiers.playground; sourceTree = "<group>"; };
		9F32C98C1E5A9C2B006524D1 /* Strings.playground */ = {isa = PBXFileReference; lastKnownFileType = file.playground; path = Strings.playground; sourceTree = "<group>"; };
		9F726BD41E5AC3A2007CF034 /* Functions.playground */ = {isa = PBXFileReference; lastKnownFileType = file.playground; path = Functions.playground; sourceTree = "<group>"; };
		9F9D0B6F1E5AE58000B9527E /* ParametersAndResults.playground */ = {isa = PBXFileReference; lastKnownFileType = file.playground; path = ParametersAndResults.playground; sourceTree = "<group>"; };
/* End PBXFileReference section */

/* Begin PBXFrameworksBuildPhase section */
		9F1FE6441E569F0700B50B66 /* Frameworks */ = {
			isa = PBXFrameworksBuildPhase;
			buildActionMask = 2147483647;
			files = (
			);
			runOnlyForDeploymentPostprocessing = 0;
		};
		9F1FE6581E569F0700B50B66 /* Frameworks */ = {
			isa = PBXFrameworksBuildPhase;
			buildActionMask = 2147483647;
			files = (
			);
			runOnlyForDeploymentPostprocessing = 0;
		};
		9F1FE6631E569F0700B50B66 /* Frameworks */ = {
			isa = PBXFrameworksBuildPhase;
			buildActionMask = 2147483647;
			files = (
			);
			runOnlyForDeploymentPostprocessing = 0;
		};
/* End PBXFrameworksBuildPhase section */

/* Begin PBXGroup section */
		9F1FE63E1E569F0700B50B66 = {
			isa = PBXGroup;
			children = (
				9F1FE6491E569F0700B50B66 /* SwiftDemo */,
				9F1FE65E1E569F0700B50B66 /* SwiftDemoTests */,
				9F1FE6691E569F0700B50B66 /* SwiftDemoUITests */,
				9F1FE6481E569F0700B50B66 /* Products */,
			);
			sourceTree = "<group>";
		};
		9F1FE6481E569F0700B50B66 /* Products */ = {
			isa = PBXGroup;
			children = (
				9F1FE6471E569F0700B50B66 /* SwiftDemo.app */,
				9F1FE65B1E569F0700B50B66 /* SwiftDemoTests.xctest */,
				9F1FE6661E569F0700B50B66 /* SwiftDemoUITests.xctest */,
			);
			name = Products;
			sourceTree = "<group>";
		};
		9F1FE6491E569F0700B50B66 /* SwiftDemo */ = {
			isa = PBXGroup;
			children = (
				9F1FE64A1E569F0700B50B66 /* AppDelegate.swift */,
				9F1FE64C1E569F0700B50B66 /* ViewController.swift */,
				9F32C9891E5A89C5006524D1 /* playground */,
				9F1FE64E1E569F0700B50B66 /* Main.storyboard */,
				9F1FE6511E569F0700B50B66 /* Assets.xcassets */,
				9F1FE6531E569F0700B50B66 /* LaunchScreen.storyboard */,
				9F1FE6561E569F0700B50B66 /* Info.plist */,
			);
			path = SwiftDemo;
			sourceTree = "<group>";
		};
		9F1FE65E1E569F0700B50B66 /* SwiftDemoTests */ = {
			isa = PBXGroup;
			children = (
				9F1FE65F1E569F0700B50B66 /* SwiftDemoTests.swift */,
				9F1FE6611E569F0700B50B66 /* Info.plist */,
			);
			path = SwiftDemoTests;
			sourceTree = "<group>";
		};
		9F1FE6691E569F0700B50B66 /* SwiftDemoUITests */ = {
			isa = PBXGroup;
			children = (
				9F1FE66A1E569F0700B50B66 /* SwiftDemoUITests.swift */,
				9F1FE66C1E569F0700B50B66 /* Info.plist */,
			);
			path = SwiftDemoUITests;
			sourceTree = "<group>";
		};
		9F32C9891E5A89C5006524D1 /* playground */ = {
			isa = PBXGroup;
			children = (
				9F32C98A1E5A89F9006524D1 /* Basic.playground */,
				9F32C98B1E5A91A2006524D1 /* NamingAndIdentifiers.playground */,
				9F32C98C1E5A9C2B006524D1 /* Strings.playground */,
				9F726BD41E5AC3A2007CF034 /* Functions.playground */,
				9F1A37241E5ACD960058AD96 /* Variables.playground */,
				9F1A37251E5AD65E0058AD96 /* Types.playground */,
				9F9D0B6F1E5AE58000B9527E /* ParametersAndResults.playground */,
			);
			path = playground;
			sourceTree = "<group>";
		};
/* End PBXGroup section */

/* Begin PBXNativeTarget section */
		9F1FE6461E569F0700B50B66 /* SwiftDemo */ = {
			isa = PBXNativeTarget;
			buildConfigurationList = 9F1FE66F1E569F0700B50B66 /* Build configuration list for PBXNativeTarget "SwiftDemo" */;
			buildPhases = (
				9F1FE6431E569F0700B50B66 /* Sources */,
				9F1FE6441E569F0700B50B66 /* Frameworks */,
				9F1FE6451E569F0700B50B66 /* Resources */,
			);
			buildRules = (
			);
			dependencies = (
			);
			name = SwiftDemo;
			productName = SwiftDemo;
			productReference = 9F1FE6471E569F0700B50B66 /* SwiftDemo.app */;
			productType = "com.apple.product-type.application";
		};
		9F1FE65A1E569F0700B50B66 /* SwiftDemoTests */ = {
			isa = PBXNativeTarget;
			buildConfigurationList = 9F1FE6721E569F0700B50B66 /* Build configuration list for PBXNativeTarget "SwiftDemoTests" */;
			buildPhases = (
				9F1FE6571E569F0700B50B66 /* Sources */,
				9F1FE6581E569F0700B50B66 /* Frameworks */,
				9F1FE6591E569F0700B50B66 /* Resources */,
			);
			buildRules = (
			);
			dependencies = (
				9F1FE65D1E569F0700B50B66 /* PBXTargetDependency */,
			);
			name = SwiftDemoTests;
			productName = SwiftDemoTests;
			productReference = 9F1FE65B1E569F0700B50B66 /* SwiftDemoTests.xctest */;
			productType = "com.apple.product-type.bundle.unit-test";
		};
		9F1FE6651E569F0700B50B66 /* SwiftDemoUITests */ = {
			isa = PBXNativeTarget;
			buildConfigurationList = 9F1FE6751E569F0700B50B66 /* Build configuration list for PBXNativeTarget "SwiftDemoUITests" */;
			buildPhases = (
				9F1FE6621E569F0700B50B66 /* Sources */,
				9F1FE6631E569F0700B50B66 /* Frameworks */,
				9F1FE6641E569F0700B50B66 /* Resources */,
			);
			buildRules = (
			);
			dependencies = (
				9F1FE6681E569F0700B50B66 /* PBXTargetDependency */,
			);
			name = SwiftDemoUITests;
			productName = SwiftDemoUITests;
			productReference = 9F1FE6661E569F0700B50B66 /* SwiftDemoUITests.xctest */;
			productType = "com.apple.product-type.bundle.ui-testing";
		};
/* End PBXNativeTarget section */

/* Begin PBXProject section */
		9F1FE63F1E569F0700B50B66 /* Project object */ = {
			isa = PBXProject;
			attributes = {
				LastSwiftUpdateCheck = 0820;
				LastUpgradeCheck = 0820;
				ORGANIZATIONNAME = zhenchy;
				TargetAttributes = {
					9F1FE6461E569F0700B50B66 = {
						CreatedOnToolsVersion = 8.2.1;
						ProvisioningStyle = Manual;
					};
					9F1FE65A1E569F0700B50B66 = {
						CreatedOnToolsVersion = 8.2.1;
						ProvisioningStyle = Automatic;
						TestTargetID = 9F1FE6461E569F0700B50B66;
					};
					9F1FE6651E569F0700B50B66 = {
						CreatedOnToolsVersion = 8.2.1;
						ProvisioningStyle = Automatic;
						TestTargetID = 9F1FE6461E569F0700B50B66;
					};
				};
			};
			buildConfigurationList = 9F1FE6421E569F0700B50B66 /* Build configuration list for PBXProject "SwiftDemo" */;
			compatibilityVersion = "Xcode 3.2";
			developmentRegion = English;
			hasScannedForEncodings = 0;
			knownRegions = (
				en,
				Base,
			);
			mainGroup = 9F1FE63E1E569F0700B50B66;
			productRefGroup = 9F1FE6481E569F0700B50B66 /* Products */;
			projectDirPath = "";
			projectRoot = "";
			targets = (
				9F1FE6461E569F0700B50B66 /* SwiftDemo */,
				9F1FE65A1E569F0700B50B66 /* SwiftDemoTests */,
				9F1FE6651E569F0700B50B66 /* SwiftDemoUITests */,
			);
		};
/* End PBXProject section */

/* Begin PBXResourcesBuildPhase section */
		9F1FE6451E569F0700B50B66 /* Resources */ = {
			isa = PBXResourcesBuildPhase;
			buildActionMask = 2147483647;
			files = (
				9F1FE6551E569F0700B50B66 /* LaunchScreen.storyboard in Resources */,
				9F1FE6521E569F0700B50B66 /* Assets.xcassets in Resources */,
				9F1FE6501E569F0700B50B66 /* Main.storyboard in Resources */,
			);
			runOnlyForDeploymentPostprocessing = 0;
		};
		9F1FE6591E569F0700B50B66 /* Resources */ = {
			isa = PBXResourcesBuildPhase;
			buildActionMask = 2147483647;
			files = (
			);
			runOnlyForDeploymentPostprocessing = 0;
		};
		9F1FE6641E569F0700B50B66 /* Resources */ = {
			isa = PBXResourcesBuildPhase;
			buildActionMask = 2147483647;
			files = (
			);
			runOnlyForDeploymentPostprocessing = 0;
		};
/* End PBXResourcesBuildPhase section */

/* Begin PBXSourcesBuildPhase section */
		9F1FE6431E569F0700B50B66 /* Sources */ = {
			isa = PBXSourcesBuildPhase;
			buildActionMask = 2147483647;
			files = (
				9F1FE64D1E569F0700B50B66 /* ViewController.swift in Sources */,
				9F1FE64B1E569F0700B50B66 /* AppDelegate.swift in Sources */,
			);
			runOnlyForDeploymentPostprocessing = 0;
		};
		9F1FE6571E569F0700B50B66 /* Sources */ = {
			isa = PBXSourcesBuildPhase;
			buildActionMask = 2147483647;
			files = (
				9F1FE6601E569F0700B50B66 /* SwiftDemoTests.swift in Sources */,
			);
			runOnlyForDeploymentPostprocessing = 0;
		};
		9F1FE6621E569F0700B50B66 /* Sources */ = {
			isa = PBXSourcesBuildPhase;
			buildActionMask = 2147483647;
			files = (
				9F1FE66B1E569F0700B50B66 /* SwiftDemoUITests.swift in Sources */,
			);
			runOnlyForDeploymentPostprocessing = 0;
		};
/* End PBXSourcesBuildPhase section */

/* Begin PBXTargetDependency section */
		9F1FE65D1E569F0700B50B66 /* PBXTargetDependency */ = {
			isa = PBXTargetDependency;
			target = 9F1FE6461E569F0700B50B66 /* SwiftDemo */;
			targetProxy = 9F1FE65C1E569F0700B50B66 /* PBXContainerItemProxy */;
		};
		9F1FE6681E569F0700B50B66 /* PBXTargetDependency */ = {
			isa = PBXTargetDependency;
			target = 9F1FE6461E569F0700B50B66 /* SwiftDemo */;
			targetProxy = 9F1FE6671E569F0700B50B66 /* PBXContainerItemProxy */;
		};
/* End PBXTargetDependency section */

/* Begin PBXVariantGroup section */
		9F1FE64E1E569F0700B50B66 /* Main.storyboard */ = {
			isa = PBXVariantGroup;
			children = (
				9F1FE64F1E569F0700B50B66 /* Base */,
			);
			name = Main.storyboard;
			sourceTree = "<group>";
		};
		9F1FE6531E569F0700B50B66 /* LaunchScreen.storyboard */ = {
			isa = PBXVariantGroup;
			children = (
				9F1FE6541E569F0700B50B66 /* Base */,
			);
			name = LaunchScreen.storyboard;
			sourceTree = "<group>";
		};
/* End PBXVariantGroup section */

/* Begin XCBuildConfiguration section */
		9F1FE66D1E569F0700B50B66 /* Debug */ = {
			isa = XCBuildConfiguration;
			buildSettings = {
				ALWAYS_SEARCH_USER_PATHS = NO;
				CLANG_ANALYZER_NONNULL = YES;
				CLANG_CXX_LANGUAGE_STANDARD = "gnu++0x";
				CLANG_CXX_LIBRARY = "libc++";
				CLANG_ENABLE_MODULES = YES;
				CLANG_ENABLE_OBJC_ARC = YES;
				CLANG_WARN_BOOL_CONVERSION = YES;
				CLANG_WARN_CONSTANT_CONVERSION = YES;
				CLANG_WARN_DIRECT_OBJC_ISA_USAGE = YES_ERROR;
				CLANG_WARN_DOCUMENTATION_COMMENTS = YES;
				CLANG_WARN_EMPTY_BODY = YES;
				CLANG_WARN_ENUM_CONVERSION = YES;
				CLANG_WARN_INFINITE_RECURSION = YES;
				CLANG_WARN_INT_CONVERSION = YES;
				CLANG_WARN_OBJC_ROOT_CLASS = YES_ERROR;
				CLANG_WARN_SUSPICIOUS_MOVE = YES;
				CLANG_WARN_UNREACHABLE_CODE = YES;
				CLANG_WARN__DUPLICATE_METHOD_MATCH = YES;
				"CODE_SIGN_IDENTITY[sdk=iphoneos*]" = "iPhone Developer";
				COPY_PHASE_STRIP = NO;
				DEBUG_INFORMATION_FORMAT = dwarf;
				ENABLE_STRICT_OBJC_MSGSEND = YES;
				ENABLE_TESTABILITY = YES;
				GCC_C_LANGUAGE_STANDARD = gnu99;
				GCC_DYNAMIC_NO_PIC = NO;
				GCC_NO_COMMON_BLOCKS = YES;
				GCC_OPTIMIZATION_LEVEL = 0;
				GCC_PREPROCESSOR_DEFINITIONS = (
					"DEBUG=1",
					"$(inherited)",
				);
				GCC_WARN_64_TO_32_BIT_CONVERSION = YES;
				GCC_WARN_ABOUT_RETURN_TYPE = YES_ERROR;
				GCC_WARN_UNDECLARED_SELECTOR = YES;
				GCC_WARN_UNINITIALIZED_AUTOS = YES_AGGRESSIVE;
				GCC_WARN_UNUSED_FUNCTION = YES;
				GCC_WARN_UNUSED_VARIABLE = YES;
				IPHONEOS_DEPLOYMENT_TARGET = 8.0;
				MTL_ENABLE_DEBUG_INFO = YES;
				ONLY_ACTIVE_ARCH = YES;
				SDKROOT = iphoneos;
				SWIFT_ACTIVE_COMPILATION_CONDITIONS = DEBUG;
				SWIFT_OPTIMIZATION_LEVEL = "-Onone";
			};
			name = Debug;
		};
		9F1FE66E1E569F0700B50B66 /* Release */ = {
			isa = XCBuildConfiguration;
			buildSettings = {
				ALWAYS_SEARCH_USER_PATHS = NO;
				CLANG_ANALYZER_NONNULL = YES;
				CLANG_CXX_LANGUAGE_STANDARD = "gnu++0x";
				CLANG_CXX_LIBRARY = "libc++";
				CLANG_ENABLE_MODULES = YES;
				CLANG_ENABLE_OBJC_ARC = YES;
				CLANG_WARN_BOOL_CONVERSION = YES;
				CLANG_WARN_CONSTANT_CONVERSION = YES;
				CLANG_WARN_DIRECT_OBJC_ISA_USAGE = YES_ERROR;
				CLANG_WARN_DOCUMENTATION_COMMENTS = YES;
				CLANG_WARN_EMPTY_BODY = YES;
				CLANG_WARN_ENUM_CONVERSION = YES;
				CLANG_WARN_INFINITE_RECURSION = YES;
				CLANG_WARN_INT_CONVERSION = YES;
				CLANG_WARN_OBJC_ROOT_CLASS = YES_ERROR;
				CLANG_WARN_SUSPICIOUS_MOVE = YES;
				CLANG_WARN_UNREACHABLE_CODE = YES;
				CLANG_WARN__DUPLICATE_METHOD_MATCH = YES;
				"CODE_SIGN_IDENTITY[sdk=iphoneos*]" = "iPhone Developer";
				COPY_PHASE_STRIP = NO;
				DEBUG_INFORMATION_FORMAT = "dwarf-with-dsym";
				ENABLE_NS_ASSERTIONS = NO;
				ENABLE_STRICT_OBJC_MSGSEND = YES;
				GCC_C_LANGUAGE_STANDARD = gnu99;
				GCC_NO_COMMON_BLOCKS = YES;
				GCC_WARN_64_TO_32_BIT_CONVERSION = YES;
				GCC_WARN_ABOUT_RETURN_TYPE = YES_ERROR;
				GCC_WARN_UNDECLARED_SELECTOR = YES;
				GCC_WARN_UNINITIALIZED_AUTOS = YES_AGGRESSIVE;
				GCC_WARN_UNUSED_FUNCTION = YES;
				GCC_WARN_UNUSED_VARIABLE = YES;
				IPHONEOS_DEPLOYMENT_TARGET = 8.0;
				MTL_ENABLE_DEBUG_INFO = NO;
				SDKROOT = iphoneos;
				SWIFT_OPTIMIZATION_LEVEL = "-Owholemodule";
				VALIDATE_PRODUCT = YES;
			};
			name = Release;
		};
		9F1FE6701E569F0700B50B66 /* Debug */ = {
			isa = XCBuildConfiguration;
			buildSettings = {
				ASSETCATALOG_COMPILER_APPICON_NAME = AppIcon;
				DEVELOPMENT_TEAM = "";
				INFOPLIST_FILE = SwiftDemo/Info.plist;
				LD_RUNPATH_SEARCH_PATHS = "$(inherited) @executable_path/Frameworks";
				PRODUCT_BUNDLE_IDENTIFIER = com.zhenchy.SwiftDemo;
				PRODUCT_NAME = "$(TARGET_NAME)";
				SWIFT_VERSION = 3.0;
			};
			name = Debug;
		};
		9F1FE6711E569F0700B50B66 /* Release */ = {
			isa = XCBuildConfiguration;
			buildSettings = {
				ASSETCATALOG_COMPILER_APPICON_NAME = AppIcon;
				DEVELOPMENT_TEAM = "";
				INFOPLIST_FILE = SwiftDemo/Info.plist;
				LD_RUNPATH_SEARCH_PATHS = "$(inherited) @executable_path/Frameworks";
				PRODUCT_BUNDLE_IDENTIFIER = com.zhenchy.SwiftDemo;
				PRODUCT_NAME = "$(TARGET_NAME)";
				SWIFT_VERSION = 3.0;
			};
			name = Release;
		};
		9F1FE6731E569F0700B50B66 /* Debug */ = {
			isa = XCBuildConfiguration;
			buildSettings = {
				ALWAYS_EMBED_SWIFT_STANDARD_LIBRARIES = YES;
				BUNDLE_LOADER = "$(TEST_HOST)";
				INFOPLIST_FILE = SwiftDemoTests/Info.plist;
				LD_RUNPATH_SEARCH_PATHS = "$(inherited) @executable_path/Frameworks @loader_path/Frameworks";
				PRODUCT_BUNDLE_IDENTIFIER = com.zhenchy.SwiftDemoTests;
				PRODUCT_NAME = "$(TARGET_NAME)";
				SWIFT_VERSION = 3.0;
				TEST_HOST = "$(BUILT_PRODUCTS_DIR)/SwiftDemo.app/SwiftDemo";
			};
			name = Debug;
		};
		9F1FE6741E569F0700B50B66 /* Release */ = {
			isa = XCBuildConfiguration;
			buildSettings = {
				ALWAYS_EMBED_SWIFT_STANDARD_LIBRARIES = YES;
				BUNDLE_LOADER = "$(TEST_HOST)";
				INFOPLIST_FILE = SwiftDemoTests/Info.plist;
				LD_RUNPATH_SEARCH_PATHS = "$(inherited) @executable_path/Frameworks @loader_path/Frameworks";
				PRODUCT_BUNDLE_IDENTIFIER = com.zhenchy.SwiftDemoTests;
				PRODUCT_NAME = "$(TARGET_NAME)";
				SWIFT_VERSION = 3.0;
				TEST_HOST = "$(BUILT_PRODUCTS_DIR)/SwiftDemo.app/SwiftDemo";
			};
			name = Release;
		};
		9F1FE6761E569F0700B50B66 /* Debug */ = {
			isa = XCBuildConfiguration;
			buildSettings = {
				ALWAYS_EMBED_SWIFT_STANDARD_LIBRARIES = YES;
				INFOPLIST_FILE = SwiftDemoUITests/Info.plist;
				LD_RUNPATH_SEARCH_PATHS = "$(inherited) @executable_path/Frameworks @loader_path/Frameworks";
				PRODUCT_BUNDLE_IDENTIFIER = com.zhenchy.SwiftDemoUITests;
				PRODUCT_NAME = "$(TARGET_NAME)";
				SWIFT_VERSION = 3.0;
				TEST_TARGET_NAME = SwiftDemo;
			};
			name = Debug;
		};
		9F1FE6771E569F0700B50B66 /* Release */ = {
			isa = XCBuildConfiguration;
			buildSettings = {
				ALWAYS_EMBED_SWIFT_STANDARD_LIBRARIES = YES;
				INFOPLIST_FILE = SwiftDemoUITests/Info.plist;
				LD_RUNPATH_SEARCH_PATHS = "$(inherited) @executable_path/Frameworks @loader_path/Frameworks";
				PRODUCT_BUNDLE_IDENTIFIER = com.zhenchy.SwiftDemoUITests;
				PRODUCT_NAME = "$(TARGET_NAME)";
				SWIFT_VERSION = 3.0;
				TEST_TARGET_NAME = SwiftDemo;
			};
			name = Release;
		};
/* End XCBuildConfiguration section */

/* Begin XCConfigurationList section */
		9F1FE6421E569F0700B50B66 /* Build configuration list for PBXProject "SwiftDemo" */ = {
			isa = XCConfigurationList;
			buildConfigurations = (
				9F1FE66D1E569F0700B50B66 /* Debug */,
				9F1FE66E1E569F0700B50B66 /* Release */,
			);
			defaultConfigurationIsVisible = 0;
			defaultConfigurationName = Release;
		};
		9F1FE66F1E569F0700B50B66 /* Build configuration list for PBXNativeTarget "SwiftDemo" */ = {
			isa = XCConfigurationList;
			buildConfigurations = (
				9F1FE6701E569F0700B50B66 /* Debug */,
				9F1FE6711E569F0700B50B66 /* Release */,
			);
			defaultConfigurationIsVisible = 0;
			defaultConfigurationName = Release;
		};
		9F1FE6721E569F0700B50B66 /* Build configuration list for PBXNativeTarget "SwiftDemoTests" */ = {
			isa = XCConfigurationList;
			buildConfigurations = (
				9F1FE6731E569F0700B50B66 /* Debug */,
				9F1FE6741E569F0700B50B66 /* Release */,
			);
			defaultConfigurationIsVisible = 0;
			defaultConfigurationName = Release;
		};
		9F1FE6751E569F0700B50B66 /* Build configuration list for PBXNativeTarget "SwiftDemoUITests" */ = {
			isa = XCConfigurationList;
			buildConfigurations = (
				9F1FE6761E569F0700B50B66 /* Debug */,
				9F1FE6771E569F0700B50B66 /* Release */,
			);
			defaultConfigurationIsVisible = 0;
			defaultConfigurationName = Release;
		};
/* End XCConfigurationList section */
	};
	rootObject = 9F1FE63F1E569F0700B50B66 /* Project object */;
}
